
Microsoft Visual Studio Solution File, Format Version 12.00
# Visual Studio Version 17
VisualStudioVersion = 17.14.36915.13
MinimumVisualStudioVersion = 10.0.40219.1
Project("{FAE04EC0-301F-11D3-BF4B-00C04F79EFBC}") = "DemoClasse", "DemoClasse\DemoClasse.csproj", "{45375D1E-5483-4093-BE7E-2A072BBF0EA2}"
EndProject
Project("{FAE04EC0-301F-11D3-BF4B-00C04F79EFBC}") = "DemoHeritage", "DemoHeritage\DemoHeritage.csproj", "{422619BB-5D90-4DC0-981C-8B6B8FFC77CD}"
EndProject
Project("{FAE04EC0-301F-11D3-BF4B-00C04F79EFBC}") = "DemoAbstract", "DemoAbstract\DemoAbstract.csproj", "{374413EC-49AA-4444-905A-696DC7CA3872}"
EndProject
Project("{FAE04EC0-301F-11D3-BF4B-00C04F79EFBC}") = "DemoInterface", "DemoInterface\DemoInterface.csproj", "{5C975CF7-81B0-4C37-9B2E-8E2153F254FF}"
EndProject
Global
	GlobalSection(SolutionConfigurationPlatforms) = preSolution
		Debug|Any CPU = Debug|Any CPU
		Release|Any CPU = Release|Any CPU
	EndGlobalSection
	GlobalSection(ProjectConfigurationPlatforms) = postSolution
		{45375D1E-5483-4093-BE7E-2A072BBF0EA2}.Debug|Any CPU.ActiveCfg = Debug|Any CPU
		{45375D1E-5483-4093-BE7E-2A072BBF0EA2}.Debug|Any CPU.Build.0 = Debug|Any CPU
		{45375D1E-5483-4093-BE7E-2A072BBF0EA2}.Release|Any CPU.ActiveCfg = Release|Any CPU
		{45375D1E-5483-4093-BE7E-2A072BBF0EA2}.Release|Any CPU.Build.0 = Release|Any CPU
		{422619BB-5D90-4DC0-981C-8B6B8FFC77CD}.Debug|Any CPU.ActiveCfg = Debug|Any CPU
		{422619BB-5D90-4DC0-981C-8B6B8FFC77CD}.Debug|Any CPU.Build.0 = Debug|Any CPU
		{422619BB-5D90-4DC0-981C-8B6B8FFC77CD}.Release|Any CPU.ActiveCfg = Release|Any CPU
		{422619BB-5D90-4DC0-981C-8B6B8FFC77CD}.Release|Any CPU.Build.0 = Release|Any CPU
		{374413EC-49AA-4444-905A-696DC7CA3872}.Debug|Any CPU.ActiveCfg = Debug|Any CPU
		{374413EC-49AA-4444-905A-696DC7CA3872}.Debug|Any CPU.Build.0 = Debug|Any CPU
		{374413EC-49AA-4444-905A-696DC7CA3872}.Release|Any CPU.ActiveCfg = Release|Any CPU
		{374413EC-49AA-4444-905A-696DC7CA3872}.Release|Any CPU.Build.0 = Release|Any CPU
		{5C975CF7-81B0-4C37-9B2E-8E2153F254FF}.Debug|Any CPU.ActiveCfg = Debug|Any CPU
		{5C975CF7-81B0-4C37-9B2E-8E2153F254FF}.Debug|Any CPU.Build.0 = Debug|Any CPU
		{5C975CF7-81B0-4C37-9B2E-8E2153F254FF}.Release|Any CPU.ActiveCfg = Release|Any CPU
		{5C975CF7-81B0-4C37-9B2E-8E2153F254FF}.Release|Any CPU.Build.0 = Release|Any CPU
	EndGlobalSection
	GlobalSection(SolutionProperties) = preSolution
		HideSolutionNode = FALSE
	EndGlobalSection
	GlobalSection(ExtensibilityGlobals) = postSolution
		SolutionGuid = {6496462C-AD2F-4143-A188-8EDC012D41F7}
	EndGlobalSection
EndGlobal
