
Microsoft Visual Studio Solution File, Format Version 12.00
# Visual Studio Version 17
VisualStudioVersion = 17.14.36915.13 d17.14
MinimumVisualStudioVersion = 10.0.40219.1
Project("{FAE04EC0-301F-11D3-BF4B-00C04F79EFBC}") = "Demo4_Formulaire_Routing", "Demo4_Formulaire_Routing\Demo4_Formulaire_Routing.csproj", "{53458F42-1951-4FC4-B42E-61EBFEAF89D7}"
EndProject
Global
	GlobalSection(SolutionConfigurationPlatforms) = preSolution
		Debug|Any CPU = Debug|Any CPU
		Release|Any CPU = Release|Any CPU
	EndGlobalSection
	GlobalSection(ProjectConfigurationPlatforms) = postSolution
		{53458F42-1951-4FC4-B42E-61EBFEAF89D7}.Debug|Any CPU.ActiveCfg = Debug|Any CPU
		{53458F42-1951-4FC4-B42E-61EBFEAF89D7}.Debug|Any CPU.Build.0 = Debug|Any CPU
		{53458F42-1951-4FC4-B42E-61EBFEAF89D7}.Release|Any CPU.ActiveCfg = Release|Any CPU
		{53458F42-1951-4FC4-B42E-61EBFEAF89D7}.Release|Any CPU.Build.0 = Release|Any CPU
	EndGlobalSection
	GlobalSection(SolutionProperties) = preSolution
		HideSolutionNode = FALSE
	EndGlobalSection
	GlobalSection(ExtensibilityGlobals) = postSolution
		SolutionGuid = {654A291B-C6A6-4B0C-84D7-7513F57A4D9C}
	EndGlobalSection
EndGlobal
