
Microsoft Visual Studio Solution File, Format Version 12.00
# Visual Studio Version 17
VisualStudioVersion = 17.14.36915.13 d17.14
MinimumVisualStudioVersion = 10.0.40219.1
Project("{FAE04EC0-301F-11D3-BF4B-00C04F79EFBC}") = "Demo2_View", "Demo2_View\Demo2_View.csproj", "{7CD40FEB-6BE2-422D-A1D4-249061A641CB}"
EndProject
Global
	GlobalSection(SolutionConfigurationPlatforms) = preSolution
		Debug|Any CPU = Debug|Any CPU
		Release|Any CPU = Release|Any CPU
	EndGlobalSection
	GlobalSection(ProjectConfigurationPlatforms) = postSolution
		{7CD40FEB-6BE2-422D-A1D4-249061A641CB}.Debug|Any CPU.ActiveCfg = Debug|Any CPU
		{7CD40FEB-6BE2-422D-A1D4-249061A641CB}.Debug|Any CPU.Build.0 = Debug|Any CPU
		{7CD40FEB-6BE2-422D-A1D4-249061A641CB}.Release|Any CPU.ActiveCfg = Release|Any CPU
		{7CD40FEB-6BE2-422D-A1D4-249061A641CB}.Release|Any CPU.Build.0 = Release|Any CPU
	EndGlobalSection
	GlobalSection(SolutionProperties) = preSolution
		HideSolutionNode = FALSE
	EndGlobalSection
	GlobalSection(ExtensibilityGlobals) = postSolution
		SolutionGuid = {C60CBD8B-D462-47F0-9798-9DFC4CEAAD27}
	EndGlobalSection
EndGlobal
